
Microsoft Visual Studio Solution File, Format Version 12.00
# Visual Studio Version 16
VisualStudioVersion = 16.0.30406.217
MinimumVisualStudioVersion = 10.0.40219.1
Project("{FAE04EC0-301F-11D3-BF4B-00C04F79EFBC}") = "TelephonyIntegrationExample", "TelephonyIntegrationExample.csproj", "{F7AF25B6-A973-4318-85CC-AAB72DD0F020}"
EndProject
Global
	GlobalSection(SolutionConfigurationPlatforms) = preSolution
		Debug|Any CPU = Debug|Any CPU
		Release|Any CPU = Release|Any CPU
	EndGlobalSection
	GlobalSection(ProjectConfigurationPlatforms) = postSolution
		{F7AF25B6-A973-4318-85CC-AAB72DD0F020}.Debug|Any CPU.ActiveCfg = Debug|Any CPU
		{F7AF25B6-A973-4318-85CC-AAB72DD0F020}.Debug|Any CPU.Build.0 = Debug|Any CPU
		{F7AF25B6-A973-4318-85CC-AAB72DD0F020}.Release|Any CPU.ActiveCfg = Release|Any CPU
		{F7AF25B6-A973-4318-85CC-AAB72DD0F020}.Release|Any CPU.Build.0 = Release|Any CPU
	EndGlobalSection
	GlobalSection(SolutionProperties) = preSolution
		HideSolutionNode = FALSE
	EndGlobalSection
	GlobalSection(ExtensibilityGlobals) = postSolution
		SolutionGuid = {44076804-4730-4555-AD11-1A3EC20901A4}
	EndGlobalSection
EndGlobal
